
Microsoft Visual Studio Solution File, Format Version 12.00
# Visual Studio 15
VisualStudioVersion = 15.0.28010.2019
MinimumVisualStudioVersion = 10.0.40219.1
Project("{FAE04EC0-301F-11D3-BF4B-00C04F79EFBC}") = "QiNiuClient", "QiNiuClient\QiNiuClient.csproj", "{6544600F-C817-402A-BD5B-D8E6EF56D121}"
EndProject
Global
	GlobalSection(SolutionConfigurationPlatforms) = preSolution
		Debug|Any CPU = Debug|Any CPU
		Release|Any CPU = Release|Any CPU
	EndGlobalSection
	GlobalSection(ProjectConfigurationPlatforms) = postSolution
		{6544600F-C817-402A-BD5B-D8E6EF56D121}.Debug|Any CPU.ActiveCfg = Debug|Any CPU
		{6544600F-C817-402A-BD5B-D8E6EF56D121}.Debug|Any CPU.Build.0 = Debug|Any CPU
		{6544600F-C817-402A-BD5B-D8E6EF56D121}.Release|Any CPU.ActiveCfg = Release|Any CPU
		{6544600F-C817-402A-BD5B-D8E6EF56D121}.Release|Any CPU.Build.0 = Release|Any CPU
	EndGlobalSection
	GlobalSection(SolutionProperties) = preSolution
		HideSolutionNode = FALSE
	EndGlobalSection
	GlobalSection(ExtensibilityGlobals) = postSolution
		SolutionGuid = {BF10FBDC-4198-4DC0-98D4-1261199F837D}
	EndGlobalSection
EndGlobal
